<?xml version="1.0" encoding="utf-8"?>
<Project ToolsVersion="4.0" xmlns="http://schemas.microsoft.com/developer/msbuild/2003">
  <ItemGroup>
    <Filter Include="源文件">
      <UniqueIdentifier>{4FC737F1-C7A5-4376-A066-2A32D752A2FF}</UniqueIdentifier>
      <Extensions>cpp;c;cc;cxx;def;odl;idl;hpj;bat;asm;asmx</Extensions>
    </Filter>
    <Filter Include="头文件">
      <UniqueIdentifier>{93995380-89BD-4b04-88EB-625FBE52EBFB}</UniqueIdentifier>
      <Extensions>h;hh;hpp;hxx;hm;inl;inc;xsd</Extensions>
    </Filter>
    <Filter Include="资源文件">
      <UniqueIdentifier>{67DA6AB6-F800-4c08-8B7A-83BB121AAD01}</UniqueIdentifier>
      <Extensions>rc;ico;cur;bmp;dlg;rc2;rct;bin;rgs;gif;jpg;jpeg;jpe;resx;tiff;tif;png;wav;mfcribbon-ms</Extensions>
    </Filter>
  </ItemGroup>
  <ItemGroup>
    <ClCompile Include="main.cpp">
      <Filter>源文件</Filter>
    </ClCompile>
    <ClCompile Include="OnvifHelper.cpp">
      <Filter>源文件</Filter>
    </ClCompile>
    <ClCompile Include="..\onvif\soapClient.c">
      <Filter>源文件</Filter>
    </ClCompile>
    <ClCompile Include="..\onvif\threads.c">
      <Filter>源文件</Filter>
    </ClCompile>
    <ClCompile Include="..\onvif\soapC.c">
      <Filter>源文件</Filter>
    </ClCompile>
    <ClCompile Include="..\onvif\dom.c">
      <Filter>源文件</Filter>
    </ClCompile>
    <ClCompile Include="..\onvif\smdevp.c">
      <Filter>源文件</Filter>
    </ClCompile>
    <ClCompile Include="..\onvif\stdsoap2.c">
      <Filter>源文件</Filter>
    </ClCompile>
    <ClCompile Include="..\onvif\wsaapi.c">
      <Filter>源文件</Filter>
    </ClCompile>
    <ClCompile Include="..\onvif\wsseapi.c">
      <Filter>源文件</Filter>
    </ClCompile>
    <ClCompile Include="..\onvif\mecevp.c">
      <Filter>源文件</Filter>
    </ClCompile>
  </ItemGroup>
  <ItemGroup>
    <ClInclude Include="OnvifHelper.h">
      <Filter>头文件</Filter>
    </ClInclude>
    <ClInclude Include="..\onvif\onvif.h">
      <Filter>头文件</Filter>
    </ClInclude>
    <ClInclude Include="..\onvif\stdsoap2.h">
      <Filter>头文件</Filter>
    </ClInclude>
    <ClInclude Include="..\onvif\soapStub.h">
      <Filter>头文件</Filter>
    </ClInclude>
    <ClInclude Include="..\onvif\soapH.h">
      <Filter>头文件</Filter>
    </ClInclude>
    <ClInclude Include="..\onvif\threads.h">
      <Filter>头文件</Filter>
    </ClInclude>
    <ClInclude Include="..\onvif\dom.h">
      <Filter>头文件</Filter>
    </ClInclude>
    <ClInclude Include="..\onvif\mecevp.h">
      <Filter>头文件</Filter>
    </ClInclude>
    <ClInclude Include="..\onvif\smdevp.h">
      <Filter>头文件</Filter>
    </ClInclude>
    <ClInclude Include="..\onvif\wsa5.h">
      <Filter>头文件</Filter>
    </ClInclude>
    <ClInclude Include="..\onvif\wsaapi.h">
      <Filter>头文件</Filter>
    </ClInclude>
    <ClInclude Include="..\onvif\wsseapi.h">
      <Filter>头文件</Filter>
    </ClInclude>
  </ItemGroup>
  <ItemGroup>
    <None Include="..\onvif\wsdd.nsmap" />
  </ItemGroup>
</Project>